
Microsoft Visual Studio Solution File, Format Version 12.00
# Visual Studio Version 17
VisualStudioVersion = 17.3.32819.101
MinimumVisualStudioVersion = 10.0.40219.1
Project("{9A19103F-16F7-4668-BE54-9A1E7A4F7556}") = "Guellil_StockIndex", "yyyy\Guellil_StockIndex.csproj", "{A52926D0-3476-4645-AB08-7B97EE24B11B}"
EndProject
Global
	GlobalSection(SolutionConfigurationPlatforms) = preSolution
		Debug|Any CPU = Debug|Any CPU
		Release|Any CPU = Release|Any CPU
	EndGlobalSection
	GlobalSection(ProjectConfigurationPlatforms) = postSolution
		{A52926D0-3476-4645-AB08-7B97EE24B11B}.Debug|Any CPU.ActiveCfg = Debug|Any CPU
		{A52926D0-3476-4645-AB08-7B97EE24B11B}.Debug|Any CPU.Build.0 = Debug|Any CPU
		{A52926D0-3476-4645-AB08-7B97EE24B11B}.Release|Any CPU.ActiveCfg = Release|Any CPU
		{A52926D0-3476-4645-AB08-7B97EE24B11B}.Release|Any CPU.Build.0 = Release|Any CPU
	EndGlobalSection
	GlobalSection(SolutionProperties) = preSolution
		HideSolutionNode = FALSE
	EndGlobalSection
	GlobalSection(ExtensibilityGlobals) = postSolution
		SolutionGuid = {6E88329F-D9F3-4C10-9D79-D1F30981CE8D}
	EndGlobalSection
EndGlobal
